
Microsoft Visual Studio Solution File, Format Version 12.00
# Visual Studio Version 17
VisualStudioVersion = 17.6.33417.168
MinimumVisualStudioVersion = 10.0.40219.1
Project("{9A19103F-16F7-4668-BE54-9A1E7A4F7556}") = "FBC.SimpleUserAgentParser", "FBC.SimpleUserAgentParser\FBC.SimpleUserAgentParser.csproj", "{2B5C03CB-7A8D-48CF-A35A-19CB4912264C}"
EndProject
Project("{9A19103F-16F7-4668-BE54-9A1E7A4F7556}") = "FBC.SimpleUserAgentParser.Test", "FBC.SimpleUserAgentParser.Test\FBC.SimpleUserAgentParser.Test.csproj", "{0AA93E5B-C3B0-44FA-AEA2-6539086F7FBC}"
EndProject
Global
	GlobalSection(SolutionConfigurationPlatforms) = preSolution
		Debug|Any CPU = Debug|Any CPU
		Release|Any CPU = Release|Any CPU
	EndGlobalSection
	GlobalSection(ProjectConfigurationPlatforms) = postSolution
		{2B5C03CB-7A8D-48CF-A35A-19CB4912264C}.Debug|Any CPU.ActiveCfg = Debug|Any CPU
		{2B5C03CB-7A8D-48CF-A35A-19CB4912264C}.Debug|Any CPU.Build.0 = Debug|Any CPU
		{2B5C03CB-7A8D-48CF-A35A-19CB4912264C}.Release|Any CPU.ActiveCfg = Release|Any CPU
		{2B5C03CB-7A8D-48CF-A35A-19CB4912264C}.Release|Any CPU.Build.0 = Release|Any CPU
		{0AA93E5B-C3B0-44FA-AEA2-6539086F7FBC}.Debug|Any CPU.ActiveCfg = Debug|Any CPU
		{0AA93E5B-C3B0-44FA-AEA2-6539086F7FBC}.Debug|Any CPU.Build.0 = Debug|Any CPU
		{0AA93E5B-C3B0-44FA-AEA2-6539086F7FBC}.Release|Any CPU.ActiveCfg = Release|Any CPU
		{0AA93E5B-C3B0-44FA-AEA2-6539086F7FBC}.Release|Any CPU.Build.0 = Release|Any CPU
	EndGlobalSection
	GlobalSection(SolutionProperties) = preSolution
		HideSolutionNode = FALSE
	EndGlobalSection
	GlobalSection(ExtensibilityGlobals) = postSolution
		SolutionGuid = {0CA96F97-ABB8-47F3-AE10-5D6D8B59EE35}
	EndGlobalSection
EndGlobal
